
Microsoft Visual Studio Solution File, Format Version 12.00
# Visual Studio Version 17
VisualStudioVersion = 17.6.33723.286
MinimumVisualStudioVersion = 10.0.40219.1
Project("{FAE04EC0-301F-11D3-BF4B-00C04F79EFBC}") = "Inventario", "Inventario\Inventario.csproj", "{069D19A9-CF3F-4B09-9B78-05E96F1C9C56}"
EndProject
Global
	GlobalSection(SolutionConfigurationPlatforms) = preSolution
		Debug|Any CPU = Debug|Any CPU
		Release|Any CPU = Release|Any CPU
	EndGlobalSection
	GlobalSection(ProjectConfigurationPlatforms) = postSolution
		{069D19A9-CF3F-4B09-9B78-05E96F1C9C56}.Debug|Any CPU.ActiveCfg = Debug|Any CPU
		{069D19A9-CF3F-4B09-9B78-05E96F1C9C56}.Debug|Any CPU.Build.0 = Debug|Any CPU
		{069D19A9-CF3F-4B09-9B78-05E96F1C9C56}.Release|Any CPU.ActiveCfg = Release|Any CPU
		{069D19A9-CF3F-4B09-9B78-05E96F1C9C56}.Release|Any CPU.Build.0 = Release|Any CPU
	EndGlobalSection
	GlobalSection(SolutionProperties) = preSolution
		HideSolutionNode = FALSE
	EndGlobalSection
	GlobalSection(ExtensibilityGlobals) = postSolution
		SolutionGuid = {67F4BAE5-78F7-4134-BF9D-F704075DE621}
	EndGlobalSection
EndGlobal
